
Microsoft Visual Studio Solution File, Format Version 12.00
# Visual Studio 2017
Project("{FAE04EC0-301F-11D3-BF4B-00C04F79EFBC}") = "UniverseGenerator", "UniverseGenerator.csproj", "{B2A6BD10-B81C-81B7-22C5-713D53A8AA37}"
EndProject
Global
	GlobalSection(SolutionConfigurationPlatforms) = preSolution
		Debug|Any CPU = Debug|Any CPU
		Release|Any CPU = Release|Any CPU
	EndGlobalSection
	GlobalSection(ProjectConfigurationPlatforms) = postSolution
		{B2A6BD10-B81C-81B7-22C5-713D53A8AA37}.Debug|Any CPU.ActiveCfg = Debug|Any CPU
		{B2A6BD10-B81C-81B7-22C5-713D53A8AA37}.Debug|Any CPU.Build.0 = Debug|Any CPU
		{B2A6BD10-B81C-81B7-22C5-713D53A8AA37}.Release|Any CPU.ActiveCfg = Release|Any CPU
		{B2A6BD10-B81C-81B7-22C5-713D53A8AA37}.Release|Any CPU.Build.0 = Release|Any CPU
	EndGlobalSection
	GlobalSection(SolutionProperties) = preSolution
		HideSolutionNode = FALSE
	EndGlobalSection
EndGlobal
